
Microsoft Visual Studio Solution File, Format Version 12.00
# Visual Studio Version 17
VisualStudioVersion = 17.0.31903.59
MinimumVisualStudioVersion = 10.0.40219.1
Project("{FAE04EC0-301F-11D3-BF4B-00C04F79EFBC}") = "OdontoVision.API", "OdontoVision.API\OdontoVision.API.csproj", "{D4012C82-5CAE-4B14-8302-2A2F5D2CAB22}"
EndProject
Project("{FAE04EC0-301F-11D3-BF4B-00C04F79EFBC}") = "OdontoVision.Application", "OdontoVision.Application\OdontoVision.Application.csproj", "{F17ACAF6-8FD3-4415-80B0-6A507C010A01}"
EndProject
Project("{FAE04EC0-301F-11D3-BF4B-00C04F79EFBC}") = "OdontoVision.Domain", "OdontoVision.Domain\OdontoVision.Domain.csproj", "{FAF48463-929C-4D58-8AAF-06C449C4B212}"
EndProject
Project("{FAE04EC0-301F-11D3-BF4B-00C04F79EFBC}") = "OdontoVision.Infrastructure", "OdontoVision.Infrastructure\OdontoVision.Infrastructure.csproj", "{ED78F215-876D-4665-98F3-40A46F02C86B}"
EndProject
Project("{FAE04EC0-301F-11D3-BF4B-00C04F79EFBC}") = "OdontoVision.ML", "OdontoVision.ML\OdontoVision.ML.csproj", "{DCB2C261-609F-4CE6-8AB0-EB856BFAE1E1}"
EndProject
Global
	GlobalSection(SolutionConfigurationPlatforms) = preSolution
		Debug|Any CPU = Debug|Any CPU
		Release|Any CPU = Release|Any CPU
	EndGlobalSection
	GlobalSection(SolutionProperties) = preSolution
		HideSolutionNode = FALSE
	EndGlobalSection
	GlobalSection(ProjectConfigurationPlatforms) = postSolution
		{D4012C82-5CAE-4B14-8302-2A2F5D2CAB22}.Debug|Any CPU.ActiveCfg = Debug|Any CPU
		{D4012C82-5CAE-4B14-8302-2A2F5D2CAB22}.Debug|Any CPU.Build.0 = Debug|Any CPU
		{D4012C82-5CAE-4B14-8302-2A2F5D2CAB22}.Release|Any CPU.ActiveCfg = Release|Any CPU
		{D4012C82-5CAE-4B14-8302-2A2F5D2CAB22}.Release|Any CPU.Build.0 = Release|Any CPU
		{F17ACAF6-8FD3-4415-80B0-6A507C010A01}.Debug|Any CPU.ActiveCfg = Debug|Any CPU
		{F17ACAF6-8FD3-4415-80B0-6A507C010A01}.Debug|Any CPU.Build.0 = Debug|Any CPU
		{F17ACAF6-8FD3-4415-80B0-6A507C010A01}.Release|Any CPU.ActiveCfg = Release|Any CPU
		{F17ACAF6-8FD3-4415-80B0-6A507C010A01}.Release|Any CPU.Build.0 = Release|Any CPU
		{FAF48463-929C-4D58-8AAF-06C449C4B212}.Debug|Any CPU.ActiveCfg = Debug|Any CPU
		{FAF48463-929C-4D58-8AAF-06C449C4B212}.Debug|Any CPU.Build.0 = Debug|Any CPU
		{FAF48463-929C-4D58-8AAF-06C449C4B212}.Release|Any CPU.ActiveCfg = Release|Any CPU
		{FAF48463-929C-4D58-8AAF-06C449C4B212}.Release|Any CPU.Build.0 = Release|Any CPU
		{ED78F215-876D-4665-98F3-40A46F02C86B}.Debug|Any CPU.ActiveCfg = Debug|Any CPU
		{ED78F215-876D-4665-98F3-40A46F02C86B}.Debug|Any CPU.Build.0 = Debug|Any CPU
		{ED78F215-876D-4665-98F3-40A46F02C86B}.Release|Any CPU.ActiveCfg = Release|Any CPU
		{ED78F215-876D-4665-98F3-40A46F02C86B}.Release|Any CPU.Build.0 = Release|Any CPU
		{DCB2C261-609F-4CE6-8AB0-EB856BFAE1E1}.Debug|Any CPU.ActiveCfg = Debug|Any CPU
		{DCB2C261-609F-4CE6-8AB0-EB856BFAE1E1}.Debug|Any CPU.Build.0 = Debug|Any CPU
		{DCB2C261-609F-4CE6-8AB0-EB856BFAE1E1}.Release|Any CPU.ActiveCfg = Release|Any CPU
		{DCB2C261-609F-4CE6-8AB0-EB856BFAE1E1}.Release|Any CPU.Build.0 = Release|Any CPU
	EndGlobalSection
EndGlobal
